
Microsoft Visual Studio Solution File, Format Version 12.00
# Visual Studio Version 17
VisualStudioVersion = 17.7.34202.233
MinimumVisualStudioVersion = 10.0.40219.1
Project("{9A19103F-16F7-4668-BE54-9A1E7A4F7556}") = "Customer-Web-App", "Customer-Web-App\Customer-Web-App.csproj", "{A5D416C2-5653-4598-A5CB-91EA9ED8DFBE}"
EndProject
Project("{FAE04EC0-301F-11D3-BF4B-00C04F79EFBC}") = "Customer-Web-App.Tests", "Customer-Web-App.Tests\Customer-Web-App.Tests.csproj", "{AF5CA26A-2E57-4207-B679-FB4A0596EEE6}"
EndProject
Global
	GlobalSection(SolutionConfigurationPlatforms) = preSolution
		Debug|Any CPU = Debug|Any CPU
		Release|Any CPU = Release|Any CPU
	EndGlobalSection
	GlobalSection(ProjectConfigurationPlatforms) = postSolution
		{A5D416C2-5653-4598-A5CB-91EA9ED8DFBE}.Debug|Any CPU.ActiveCfg = Debug|Any CPU
		{A5D416C2-5653-4598-A5CB-91EA9ED8DFBE}.Debug|Any CPU.Build.0 = Debug|Any CPU
		{A5D416C2-5653-4598-A5CB-91EA9ED8DFBE}.Release|Any CPU.ActiveCfg = Release|Any CPU
		{A5D416C2-5653-4598-A5CB-91EA9ED8DFBE}.Release|Any CPU.Build.0 = Release|Any CPU
		{AF5CA26A-2E57-4207-B679-FB4A0596EEE6}.Debug|Any CPU.ActiveCfg = Debug|Any CPU
		{AF5CA26A-2E57-4207-B679-FB4A0596EEE6}.Debug|Any CPU.Build.0 = Debug|Any CPU
		{AF5CA26A-2E57-4207-B679-FB4A0596EEE6}.Release|Any CPU.ActiveCfg = Release|Any CPU
		{AF5CA26A-2E57-4207-B679-FB4A0596EEE6}.Release|Any CPU.Build.0 = Release|Any CPU
	EndGlobalSection
	GlobalSection(SolutionProperties) = preSolution
		HideSolutionNode = FALSE
	EndGlobalSection
	GlobalSection(ExtensibilityGlobals) = postSolution
		SolutionGuid = {0D469E00-308D-43BD-AB30-A26EC2884C8C}
	EndGlobalSection
EndGlobal
